
Microsoft Visual Studio Solution File, Format Version 12.00
# Visual Studio Version 17
VisualStudioVersion = 17.14.37027.9 d17.14
MinimumVisualStudioVersion = 10.0.40219.1
Project("{FAE04EC0-301F-11D3-BF4B-00C04F79EFBC}") = "CreBINCD", "CreBINCD\CreBINCD.csproj", "{1EC3475E-52F4-4FFB-B39B-6EF1A1DC011C}"
EndProject
Global
	GlobalSection(SolutionConfigurationPlatforms) = preSolution
		Debug|Any CPU = Debug|Any CPU
		Release|Any CPU = Release|Any CPU
	EndGlobalSection
	GlobalSection(ProjectConfigurationPlatforms) = postSolution
		{1EC3475E-52F4-4FFB-B39B-6EF1A1DC011C}.Debug|Any CPU.ActiveCfg = Debug|Any CPU
		{1EC3475E-52F4-4FFB-B39B-6EF1A1DC011C}.Debug|Any CPU.Build.0 = Debug|Any CPU
		{1EC3475E-52F4-4FFB-B39B-6EF1A1DC011C}.Release|Any CPU.ActiveCfg = Release|Any CPU
		{1EC3475E-52F4-4FFB-B39B-6EF1A1DC011C}.Release|Any CPU.Build.0 = Release|Any CPU
	EndGlobalSection
	GlobalSection(SolutionProperties) = preSolution
		HideSolutionNode = FALSE
	EndGlobalSection
	GlobalSection(ExtensibilityGlobals) = postSolution
		SolutionGuid = {2E66566F-FF17-41C6-8D7E-72BAEE60DC8B}
	EndGlobalSection
EndGlobal
